
Microsoft Visual Studio Solution File, Format Version 12.00
# Visual Studio Version 17
VisualStudioVersion = 17.9.34728.123
MinimumVisualStudioVersion = 10.0.40219.1
Project("{FAE04EC0-301F-11D3-BF4B-00C04F79EFBC}") = "SimpleSocialAPI", "SimpleSocialAPI\SimpleSocialAPI.csproj", "{031C971C-6D9F-444B-87A8-E7AB64FD9757}"
EndProject
Project("{FAE04EC0-301F-11D3-BF4B-00C04F79EFBC}") = "SimpleSocialAPI.Tests", "SimpleSocialAPI.Tests\SimpleSocialAPI.Tests.csproj", "{31AC80A1-AF73-419B-B5ED-50E13AD57A5B}"
EndProject
Global
	GlobalSection(SolutionConfigurationPlatforms) = preSolution
		Debug|Any CPU = Debug|Any CPU
		Release|Any CPU = Release|Any CPU
	EndGlobalSection
	GlobalSection(ProjectConfigurationPlatforms) = postSolution
		{031C971C-6D9F-444B-87A8-E7AB64FD9757}.Debug|Any CPU.ActiveCfg = Debug|Any CPU
		{031C971C-6D9F-444B-87A8-E7AB64FD9757}.Debug|Any CPU.Build.0 = Debug|Any CPU
		{031C971C-6D9F-444B-87A8-E7AB64FD9757}.Release|Any CPU.ActiveCfg = Release|Any CPU
		{031C971C-6D9F-444B-87A8-E7AB64FD9757}.Release|Any CPU.Build.0 = Release|Any CPU
		{31AC80A1-AF73-419B-B5ED-50E13AD57A5B}.Debug|Any CPU.ActiveCfg = Debug|Any CPU
		{31AC80A1-AF73-419B-B5ED-50E13AD57A5B}.Debug|Any CPU.Build.0 = Debug|Any CPU
		{31AC80A1-AF73-419B-B5ED-50E13AD57A5B}.Release|Any CPU.ActiveCfg = Release|Any CPU
		{31AC80A1-AF73-419B-B5ED-50E13AD57A5B}.Release|Any CPU.Build.0 = Release|Any CPU
	EndGlobalSection
	GlobalSection(SolutionProperties) = preSolution
		HideSolutionNode = FALSE
	EndGlobalSection
	GlobalSection(ExtensibilityGlobals) = postSolution
		SolutionGuid = {6678D7D8-B351-4D0A-9EFA-200B6564955C}
	EndGlobalSection
EndGlobal
